# THIS IS AN AUTOGENERATED FILE. DO NOT EDIT THIS FILE DIRECTLY.
# yarn lockfile v1


"@discordjs/builders@^0.11.0":
  version "0.11.0"
  resolved "https://registry.yarnpkg.com/@discordjs/builders/-/builders-0.11.0.tgz#4102abe3e0cd093501f3f71931df43eb92f5b0cc"
  integrity sha512-ZTB8yJdJKrKlq44dpWkNUrAtEJEq0gqpb7ASdv4vmq6/mZal5kOv312hQ56I/vxwMre+VIkoHquNUAfnTbiYtg==
  dependencies:
    "@sindresorhus/is" "^4.2.0"
    discord-api-types "^0.26.0"
    ts-mixer "^6.0.0"
    tslib "^2.3.1"
    zod "^3.11.6"

"@discordjs/collection@^0.3.2":
  version "0.3.2"
  resolved "https://registry.yarnpkg.com/@discordjs/collection/-/collection-0.3.2.tgz#3c271dd8a93dad89b186d330e24dbceaab58424a"
  integrity sha512-dMjLl60b2DMqObbH1MQZKePgWhsNe49XkKBZ0W5Acl5uVV43SN414i2QfZwRI7dXAqIn8pEWD2+XXQFn9KWxqg==

"@discordjs/collection@^0.4.0":
  version "0.4.0"
  resolved "https://registry.yarnpkg.com/@discordjs/collection/-/collection-0.4.0.tgz#b6488286a1cc7b41b644d7e6086f25a1c1e6f837"
  integrity sha512-zmjq+l/rV35kE6zRrwe8BHqV78JvIh2ybJeZavBi5NySjWXqN3hmmAKg7kYMMXSeiWtSsMoZ/+MQi0DiQWy2lw==

"@discordjs/rest@^0.2.0-canary.0":
  version "0.2.0-canary.0"
  resolved "https://registry.yarnpkg.com/@discordjs/rest/-/rest-0.2.0-canary.0.tgz#5ac955614453d02808c4df35a5cfb28d146566b2"
  integrity sha512-jOxz1aqTEzn9N0qaJcZbHz6FbA0oq+vjpXUKkQzgfMihO6gC+kLlpRnFqG25T/aPYbjaR1UM/lGhrGBB1dutqg==
  dependencies:
    "@discordjs/collection" "^0.3.2"
    "@sapphire/async-queue" "^1.1.9"
    "@sapphire/snowflake" "^3.0.0"
    discord-api-types "^0.25.2"
    form-data "^4.0.0"
    node-fetch "^2.6.5"
    tslib "^2.3.1"

"@sapphire/async-queue@^1.1.9":
  version "1.1.9"
  resolved "https://registry.yarnpkg.com/@sapphire/async-queue/-/async-queue-1.1.9.tgz#ce69611c8753c4affd905a7ef43061c7eb95c01b"
  integrity sha512-CbXaGwwlEMq+l1TRu01FJCvySJ1CEFKFclHT48nIfNeZXaAAmmwwy7scUKmYHPUa3GhoMp6Qr1B3eAJux6XgOQ==

"@sapphire/snowflake@^3.0.0":
  version "3.0.1"
  resolved "https://registry.yarnpkg.com/@sapphire/snowflake/-/snowflake-3.0.1.tgz#400602940d1c5dc12f71e104972a1ace7c6c6b74"
  integrity sha512-v+wCC2q9DK3OhG7Vcdt/8A/INAYiyhlMD5snakmXGBN1usLBwSGJVJBjDHv4VGI5C9YYl4UdW5Ovr3arvYsJXQ==

"@sindresorhus/is@^4.2.0":
  version "4.2.1"
  resolved "https://registry.yarnpkg.com/@sindresorhus/is/-/is-4.2.1.tgz#b88b5724283db80b507cd612caee9a1947412a20"
  integrity sha512-BrzrgtaqEre0qfvI8sMTaEvx+bayuhPmfe2rfeUGPPHYr/PLxCOqkOe4TQTDPb+qcqgNcsAtXV/Ew74mcDIE8w==

"@types/node-fetch@^2.5.12":
  version "2.5.12"
  resolved "https://registry.yarnpkg.com/@types/node-fetch/-/node-fetch-2.5.12.tgz#8a6f779b1d4e60b7a57fb6fd48d84fb545b9cc66"
  integrity sha512-MKgC4dlq4kKNa/mYrwpKfzQMB5X3ee5U6fSprkKpToBqBmX4nFZL9cW5jl6sWn+xpRJ7ypWh2yyqqr8UUCstSw==
  dependencies:
    "@types/node" "*"
    form-data "^3.0.0"

"@types/node@*":
  version "17.0.8"
  resolved "https://registry.yarnpkg.com/@types/node/-/node-17.0.8.tgz#50d680c8a8a78fe30abe6906453b21ad8ab0ad7b"
  integrity sha512-YofkM6fGv4gDJq78g4j0mMuGMkZVxZDgtU0JRdx6FgiJDG+0fY0GKVolOV8WqVmEhLCXkQRjwDdKyPxJp/uucg==

"@types/ws@^8.2.2":
  version "8.2.2"
  resolved "https://registry.yarnpkg.com/@types/ws/-/ws-8.2.2.tgz#7c5be4decb19500ae6b3d563043cd407bf366c21"
  integrity sha512-NOn5eIcgWLOo6qW8AcuLZ7G8PycXu0xTxxkS6Q18VWFxgPUSOwV0pBj2a/4viNZVu25i7RIB7GttdkAIUUXOOg==
  dependencies:
    "@types/node" "*"

asynckit@^0.4.0:
  version "0.4.0"
  resolved "https://registry.yarnpkg.com/asynckit/-/asynckit-0.4.0.tgz#c79ed97f7f34cb8f2ba1bc9790bcc366474b4b79"
  integrity sha1-x57Zf380y48robyXkLzDZkdLS3k=

balanced-match@^1.0.0:
  version "1.0.2"
  resolved "https://registry.yarnpkg.com/balanced-match/-/balanced-match-1.0.2.tgz#e83e3a7e3f300b34cb9d87f615fa0cbf357690ee"
  integrity sha512-3oSeUO0TMV67hN1AmbXsK4yaqU7tjiHlbxRDZOpH0KW9+CeX4bRAaX0Anxt0tx2MrpRpWwQaPwIlISEJhYU5Pw==

boolbase@^1.0.0:
  version "1.0.0"
  resolved "https://registry.yarnpkg.com/boolbase/-/boolbase-1.0.0.tgz#68dff5fbe60c51eb37725ea9e3ed310dcc1e776e"
  integrity sha1-aN/1++YMUes3cl6p4+0xDcwed24=

brace-expansion@^1.1.7:
  version "1.1.11"
  resolved "https://registry.yarnpkg.com/brace-expansion/-/brace-expansion-1.1.11.tgz#3c7fcbf529d87226f3d2f52b966ff5271eb441dd"
  integrity sha512-iCuPHDFgrHX7H2vEI/5xpz07zSHB00TpugqhmYtVmMO6518mCuRMoOYFldEBl0g187ufozdaHgWKcYFb61qGiA==
  dependencies:
    balanced-match "^1.0.0"
    concat-map "0.0.1"

combined-stream@^1.0.8:
  version "1.0.8"
  resolved "https://registry.yarnpkg.com/combined-stream/-/combined-stream-1.0.8.tgz#c3d45a8b34fd730631a110a8a2520682b31d5a7f"
  integrity sha512-FQN4MRfuJeHf7cBbBMJFXhKSDq+2kAArBlmRBvcvFE5BB1HZKXtSFASDhdlz9zOYwxh8lDdnvmMOe/+5cdoEdg==
  dependencies:
    delayed-stream "~1.0.0"

concat-map@0.0.1:
  version "0.0.1"
  resolved "https://registry.yarnpkg.com/concat-map/-/concat-map-0.0.1.tgz#d8a96bd77fd68df7793a73036a3ba0d5405d477b"
  integrity sha1-2Klr13/Wjfd5OnMDajug1UBdR3s=

css-select@^4.1.3:
  version "4.2.1"
  resolved "https://registry.yarnpkg.com/css-select/-/css-select-4.2.1.tgz#9e665d6ae4c7f9d65dbe69d0316e3221fb274cdd"
  integrity sha512-/aUslKhzkTNCQUB2qTX84lVmfia9NyjP3WpDGtj/WxhwBzWBYUV3DgUpurHTme8UTPcPlAD1DJ+b0nN/t50zDQ==
  dependencies:
    boolbase "^1.0.0"
    css-what "^5.1.0"
    domhandler "^4.3.0"
    domutils "^2.8.0"
    nth-check "^2.0.1"

css-what@^5.1.0:
  version "5.1.0"
  resolved "https://registry.yarnpkg.com/css-what/-/css-what-5.1.0.tgz#3f7b707aadf633baf62c2ceb8579b545bb40f7fe"
  integrity sha512-arSMRWIIFY0hV8pIxZMEfmMI47Wj3R/aWpZDDxWYCPEiOMv6tfOrnpDtgxBYPEQD4V0Y/958+1TdC3iWTFcUPw==

delayed-stream@~1.0.0:
  version "1.0.0"
  resolved "https://registry.yarnpkg.com/delayed-stream/-/delayed-stream-1.0.0.tgz#df3ae199acadfb7d440aaae0b29e2272b24ec619"
  integrity sha1-3zrhmayt+31ECqrgsp4icrJOxhk=

discord-api-types@^0.25.2:
  version "0.25.2"
  resolved "https://registry.yarnpkg.com/discord-api-types/-/discord-api-types-0.25.2.tgz#e50ed152e6d48fe7963f5de1002ca6f2df57c61b"
  integrity sha512-O243LXxb5gLLxubu5zgoppYQuolapGVWPw3ll0acN0+O8TnPUE2kFp9Bt3sTRYodw8xFIknOVxjSeyWYBpVcEQ==

discord-api-types@^0.26.0, discord-api-types@^0.26.1:
  version "0.26.1"
  resolved "https://registry.yarnpkg.com/discord-api-types/-/discord-api-types-0.26.1.tgz#726f766ddc37d60da95740991d22cb6ef2ed787b"
  integrity sha512-T5PdMQ+Y1MEECYMV5wmyi9VEYPagEDEi4S0amgsszpWY0VB9JJ/hEvM6BgLhbdnKky4gfmZEXtEEtojN8ZKJQQ==

discord.js@^13.5.1:
  version "13.5.1"
  resolved "https://registry.yarnpkg.com/discord.js/-/discord.js-13.5.1.tgz#c0af11c7bfdcf6ac3f6bf28c7d96855c0c6a8997"
  integrity sha512-ejEG5MXzB0eda9Nt+VzqgdvDWVO5U/GynGzq6DRPLaCH1yyn2YRU9J+vCMl77pWA1rzYGX+b/9RI31x0wt3qXA==
  dependencies:
    "@discordjs/builders" "^0.11.0"
    "@discordjs/collection" "^0.4.0"
    "@sapphire/async-queue" "^1.1.9"
    "@types/node-fetch" "^2.5.12"
    "@types/ws" "^8.2.2"
    discord-api-types "^0.26.0"
    form-data "^4.0.0"
    node-fetch "^2.6.1"
    ws "^8.4.0"

dom-serializer@^1.0.1:
  version "1.3.2"
  resolved "https://registry.yarnpkg.com/dom-serializer/-/dom-serializer-1.3.2.tgz#6206437d32ceefaec7161803230c7a20bc1b4d91"
  integrity sha512-5c54Bk5Dw4qAxNOI1pFEizPSjVsx5+bpJKmL2kPn8JhBUq2q09tTCa3mjijun2NfK78NMouDYNMBkOrPZiS+ig==
  dependencies:
    domelementtype "^2.0.1"
    domhandler "^4.2.0"
    entities "^2.0.0"

domelementtype@^2.0.1, domelementtype@^2.2.0:
  version "2.2.0"
  resolved "https://registry.yarnpkg.com/domelementtype/-/domelementtype-2.2.0.tgz#9a0b6c2782ed6a1c7323d42267183df9bd8b1d57"
  integrity sha512-DtBMo82pv1dFtUmHyr48beiuq792Sxohr+8Hm9zoxklYPfa6n0Z3Byjj2IV7bmr2IyqClnqEQhfgHJJ5QF0R5A==

domhandler@^4.2.0, domhandler@^4.3.0:
  version "4.3.0"
  resolved "https://registry.yarnpkg.com/domhandler/-/domhandler-4.3.0.tgz#16c658c626cf966967e306f966b431f77d4a5626"
  integrity sha512-fC0aXNQXqKSFTr2wDNZDhsEYjCiYsDWl3D01kwt25hm1YIPyDGHvvi3rw+PLqHAl/m71MaiF7d5zvBr0p5UB2g==
  dependencies:
    domelementtype "^2.2.0"

domutils@^2.8.0:
  version "2.8.0"
  resolved "https://registry.yarnpkg.com/domutils/-/domutils-2.8.0.tgz#4437def5db6e2d1f5d6ee859bd95ca7d02048135"
  integrity sha512-w96Cjofp72M5IIhpjgobBimYEfoPjx1Vx0BSX9P30WBdZW2WIKU0T1Bd0kz2eNZ9ikjKgHbEyKx8BB6H1L3h3A==
  dependencies:
    dom-serializer "^1.0.1"
    domelementtype "^2.2.0"
    domhandler "^4.2.0"

dotenv@^11.0.0:
  version "11.0.0"
  resolved "https://registry.yarnpkg.com/dotenv/-/dotenv-11.0.0.tgz#ee37feddf8ada6d348a79e198312d4a8abfd1c1e"
  integrity sha512-Fp/b504Y5W+e+FpCxTFMUZ7ZEQkQYF0rx+KZtmwixJxGQbLHrhCwo3FjZgNC8vIfrSi29PABNbMoCGD9YoiXbQ==

entities@^2.0.0:
  version "2.2.0"
  resolved "https://registry.yarnpkg.com/entities/-/entities-2.2.0.tgz#098dc90ebb83d8dffa089d55256b351d34c4da55"
  integrity sha512-p92if5Nz619I0w+akJrLZH0MX0Pb5DX39XOwQTtXSdQQOaYH03S1uIQp4mhOZtAXrxq4ViO67YTiLBo2638o9A==

form-data@^3.0.0:
  version "3.0.1"
  resolved "https://registry.yarnpkg.com/form-data/-/form-data-3.0.1.tgz#ebd53791b78356a99af9a300d4282c4d5eb9755f"
  integrity sha512-RHkBKtLWUVwd7SqRIvCZMEvAMoGUp0XU+seQiZejj0COz3RI3hWP4sCv3gZWWLjJTd7rGwcsF5eKZGii0r/hbg==
  dependencies:
    asynckit "^0.4.0"
    combined-stream "^1.0.8"
    mime-types "^2.1.12"

form-data@^4.0.0:
  version "4.0.0"
  resolved "https://registry.yarnpkg.com/form-data/-/form-data-4.0.0.tgz#93919daeaf361ee529584b9b31664dc12c9fa452"
  integrity sha512-ETEklSGi5t0QMZuiXoA/Q6vcnxcLQP5vdugSpuAyi6SVGi2clPPp+xgEhuMaHC+zGgn31Kd235W35f7Hykkaww==
  dependencies:
    asynckit "^0.4.0"
    combined-stream "^1.0.8"
    mime-types "^2.1.12"

fs.realpath@^1.0.0:
  version "1.0.0"
  resolved "https://registry.yarnpkg.com/fs.realpath/-/fs.realpath-1.0.0.tgz#1504ad2523158caa40db4a2787cb01411994ea4f"
  integrity sha1-FQStJSMVjKpA20onh8sBQRmU6k8=

function-bind@^1.1.1:
  version "1.1.1"
  resolved "https://registry.yarnpkg.com/function-bind/-/function-bind-1.1.1.tgz#a56899d3ea3c9bab874bb9773b7c5ede92f4895d"
  integrity sha512-yIovAzMX49sF8Yl58fSCWJ5svSLuaibPxXQJFLmBObTuCr0Mf1KiPopGM9NiFjiYBCbfaa2Fh6breQ6ANVTI0A==

glob@^7.0.0, glob@^7.1.3:
  version "7.2.0"
  resolved "https://registry.yarnpkg.com/glob/-/glob-7.2.0.tgz#d15535af7732e02e948f4c41628bd910293f6023"
  integrity sha512-lmLf6gtyrPq8tTjSmrO94wBeQbFR3HbLHbuyD69wuyQkImp2hWqMGB47OX65FBkPffO641IP9jWa1z4ivqG26Q==
  dependencies:
    fs.realpath "^1.0.0"
    inflight "^1.0.4"
    inherits "2"
    minimatch "^3.0.4"
    once "^1.3.0"
    path-is-absolute "^1.0.0"

has@^1.0.3:
  version "1.0.3"
  resolved "https://registry.yarnpkg.com/has/-/has-1.0.3.tgz#722d7cbfc1f6aa8241f16dd814e011e1f41e8796"
  integrity sha512-f2dvO0VU6Oej7RkWJGrehjbzMAjFp5/VKPp5tTpWIV4JHHZK1/BxbFRtf/siA2SWTe09caDmVtYYzWEIbBS4zw==
  dependencies:
    function-bind "^1.1.1"

he@1.2.0:
  version "1.2.0"
  resolved "https://registry.yarnpkg.com/he/-/he-1.2.0.tgz#84ae65fa7eafb165fddb61566ae14baf05664f0f"
  integrity sha512-F/1DnUGPopORZi0ni+CvrCgHQ5FyEAHRLSApuYWMmrbSwoN2Mn/7k+Gl38gJnR7yyDZk6WLXwiGod1JOWNDKGw==

inflight@^1.0.4:
  version "1.0.6"
  resolved "https://registry.yarnpkg.com/inflight/-/inflight-1.0.6.tgz#49bd6331d7d02d0c09bc910a1075ba8165b56df9"
  integrity sha1-Sb1jMdfQLQwJvJEKEHW6gWW1bfk=
  dependencies:
    once "^1.3.0"
    wrappy "1"

inherits@2:
  version "2.0.4"
  resolved "https://registry.yarnpkg.com/inherits/-/inherits-2.0.4.tgz#0fa2c64f932917c3433a0ded55363aae37416b7c"
  integrity sha512-k/vGaX4/Yla3WzyMCvTQOXYeIHvqOKtnqBduzTHpzpQZzAskKMhZ2K+EnBiSM9zGSoIFeMpXKxa4dYeZIQqewQ==

interpret@^1.0.0:
  version "1.4.0"
  resolved "https://registry.yarnpkg.com/interpret/-/interpret-1.4.0.tgz#665ab8bc4da27a774a40584e812e3e0fa45b1a1e"
  integrity sha512-agE4QfB2Lkp9uICn7BAqoscw4SZP9kTE2hxiFI3jBPmXJfdqiahTbUuKGsMoN2GtqL9AxhYioAcVvgsb1HvRbA==

is-core-module@^2.8.1:
  version "2.8.1"
  resolved "https://registry.yarnpkg.com/is-core-module/-/is-core-module-2.8.1.tgz#f59fdfca701d5879d0a6b100a40aa1560ce27211"
  integrity sha512-SdNCUs284hr40hFTFP6l0IfZ/RSrMXF3qgoRHd3/79unUTvrFO/JoXwkGm+5J/Oe3E/b5GsnG330uUNgRpu1PA==
  dependencies:
    has "^1.0.3"

mime-db@1.51.0:
  version "1.51.0"
  resolved "https://registry.yarnpkg.com/mime-db/-/mime-db-1.51.0.tgz#d9ff62451859b18342d960850dc3cfb77e63fb0c"
  integrity sha512-5y8A56jg7XVQx2mbv1lu49NR4dokRnhZYTtL+KGfaa27uq4pSTXkwQkFJl4pkRMyNFz/EtYDSkiiEHx3F7UN6g==

mime-types@^2.1.12:
  version "2.1.34"
  resolved "https://registry.yarnpkg.com/mime-types/-/mime-types-2.1.34.tgz#5a712f9ec1503511a945803640fafe09d3793c24"
  integrity sha512-6cP692WwGIs9XXdOO4++N+7qjqv0rqxxVvJ3VHPh/Sc9mVZcQP+ZGhkKiTvWMQRr2tbHkJP/Yn7Y0npb3ZBs4A==
  dependencies:
    mime-db "1.51.0"

minimatch@^3.0.4:
  version "3.0.4"
  resolved "https://registry.yarnpkg.com/minimatch/-/minimatch-3.0.4.tgz#5166e286457f03306064be5497e8dbb0c3d32083"
  integrity sha512-yJHVQEhyqPLUTgt9B83PXu6W3rx4MvvHvSUvToogpwoGDOUQ+yDrR0HRot+yOCdCO7u4hX3pWft6kWBBcqh0UA==
  dependencies:
    brace-expansion "^1.1.7"

minimist@^1.2.3, minimist@^1.2.6:
  version "1.2.6"
  resolved "https://registry.yarnpkg.com/minimist/-/minimist-1.2.6.tgz#8637a5b759ea0d6e98702cfb3a9283323c93af44"
  integrity sha512-Jsjnk4bw3YJqYzbdyBiNsPWHPfO++UGG749Cxs6peCu5Xg4nrena6OVxOYxrQTqww0Jmwt+Ref8rggumkTLz9Q==

node-fetch@^2.6.1, node-fetch@^2.6.5:
  version "2.6.6"
  resolved "https://registry.yarnpkg.com/node-fetch/-/node-fetch-2.6.6.tgz#1751a7c01834e8e1697758732e9efb6eeadfaf89"
  integrity sha512-Z8/6vRlTUChSdIgMa51jxQ4lrw/Jy5SOW10ObaA47/RElsAN2c5Pn8bTgFGWn/ibwzXTE8qwr1Yzx28vsecXEA==
  dependencies:
    whatwg-url "^5.0.0"

node-fetch@^2.6.7:
  version "2.6.7"
  resolved "https://registry.yarnpkg.com/node-fetch/-/node-fetch-2.6.7.tgz#24de9fba827e3b4ae44dc8b20256a379160052ad"
  integrity sha512-ZjMPFEfVx5j+y2yF35Kzx5sF7kDzxuDj6ziH4FFbOp87zKDZNx8yExJIb05OGF4Nlt9IHFIMBkRl41VdvcNdbQ==
  dependencies:
    whatwg-url "^5.0.0"

node-html-markdown@^1.1.3:
  version "1.1.3"
  resolved "https://registry.yarnpkg.com/node-html-markdown/-/node-html-markdown-1.1.3.tgz#355e09b1d2624755a258404cb17219d49e6dd18d"
  integrity sha512-iB5Nb8eQjeKHr1k9ot0FkVo5uah6IvYzSbOiNPbmtMt8OWf8os9TCsGEg1Xf51xwYLW461AvKl74HVjiMxvblg==
  dependencies:
    node-html-parser "^4.1.5"

node-html-parser@^4.1.5:
  version "4.1.5"
  resolved "https://registry.yarnpkg.com/node-html-parser/-/node-html-parser-4.1.5.tgz#e3ff5b39a098e70de3629c9c79c4e29a3fa5f062"
  integrity sha512-NLgqUXtftqnBqIjlRjYSaApaqE7TTxfTiH4VqKCjdUJKFOtUzRwney83EHz2qYc0XoxXAkYdmLjENCuZHvsIFg==
  dependencies:
    css-select "^4.1.3"
    he "1.2.0"

nth-check@^2.0.1:
  version "2.0.1"
  resolved "https://registry.yarnpkg.com/nth-check/-/nth-check-2.0.1.tgz#2efe162f5c3da06a28959fbd3db75dbeea9f0fc2"
  integrity sha512-it1vE95zF6dTT9lBsYbxvqh0Soy4SPowchj0UBGj/V6cTPnXXtQOPUbhZ6CmGzAD/rW22LQK6E96pcdJXk4A4w==
  dependencies:
    boolbase "^1.0.0"

once@^1.3.0:
  version "1.4.0"
  resolved "https://registry.yarnpkg.com/once/-/once-1.4.0.tgz#583b1aa775961d4b113ac17d9c50baef9dd76bd1"
  integrity sha1-WDsap3WWHUsROsF9nFC6753Xa9E=
  dependencies:
    wrappy "1"

path-is-absolute@^1.0.0:
  version "1.0.1"
  resolved "https://registry.yarnpkg.com/path-is-absolute/-/path-is-absolute-1.0.1.tgz#174b9268735534ffbc7ace6bf53a5a9e1b5c5f5f"
  integrity sha1-F0uSaHNVNP+8es5r9TpanhtcX18=

path-parse@^1.0.7:
  version "1.0.7"
  resolved "https://registry.yarnpkg.com/path-parse/-/path-parse-1.0.7.tgz#fbc114b60ca42b30d9daf5858e4bd68bbedb6735"
  integrity sha512-LDJzPVEEEPR+y48z93A0Ed0yXb8pAByGWo/k5YYdYgpY2/2EsOsksJrq7lOHxryrVOn1ejG6oAp8ahvOIQD8sw==

rechoir@^0.6.2:
  version "0.6.2"
  resolved "https://registry.yarnpkg.com/rechoir/-/rechoir-0.6.2.tgz#85204b54dba82d5742e28c96756ef43af50e3384"
  integrity sha1-hSBLVNuoLVdC4oyWdW70OvUOM4Q=
  dependencies:
    resolve "^1.1.6"

resolve@^1.1.6:
  version "1.22.0"
  resolved "https://registry.yarnpkg.com/resolve/-/resolve-1.22.0.tgz#5e0b8c67c15df57a89bdbabe603a002f21731198"
  integrity sha512-Hhtrw0nLeSrFQ7phPp4OOcVjLPIeMnRlr5mcnVuMe7M/7eBn98A3hmFRLoFo3DLZkivSYwhRUJTyPyWAk56WLw==
  dependencies:
    is-core-module "^2.8.1"
    path-parse "^1.0.7"
    supports-preserve-symlinks-flag "^1.0.0"

rimraf@^3.0.2:
  version "3.0.2"
  resolved "https://registry.yarnpkg.com/rimraf/-/rimraf-3.0.2.tgz#f1a5402ba6220ad52cc1282bac1ae3aa49fd061a"
  integrity sha512-JZkJMZkAGFFPP2YqXZXPbMlMBgsxzE8ILs4lMIX/2o0L9UBw9O/Y3o6wFw/i9YLapcUJWwqbi3kdxIPdC62TIA==
  dependencies:
    glob "^7.1.3"

shelljs@^0.8.5:
  version "0.8.5"
  resolved "https://registry.yarnpkg.com/shelljs/-/shelljs-0.8.5.tgz#de055408d8361bed66c669d2f000538ced8ee20c"
  integrity sha512-TiwcRcrkhHvbrZbnRcFYMLl30Dfov3HKqzp5tO5b4pt6G/SezKcYhmDg15zXVBswHmctSAQKznqNW2LO5tTDow==
  dependencies:
    glob "^7.0.0"
    interpret "^1.0.0"
    rechoir "^0.6.2"

shx@^0.3.4:
  version "0.3.4"
  resolved "https://registry.yarnpkg.com/shx/-/shx-0.3.4.tgz#74289230b4b663979167f94e1935901406e40f02"
  integrity sha512-N6A9MLVqjxZYcVn8hLmtneQWIJtp8IKzMP4eMnx+nqkvXoqinUPCbUFLp2UcWTEIUONhlk0ewxr/jaVGlc+J+g==
  dependencies:
    minimist "^1.2.3"
    shelljs "^0.8.5"

supports-preserve-symlinks-flag@^1.0.0:
  version "1.0.0"
  resolved "https://registry.yarnpkg.com/supports-preserve-symlinks-flag/-/supports-preserve-symlinks-flag-1.0.0.tgz#6eda4bd344a3c94aea376d4cc31bc77311039e09"
  integrity sha512-ot0WnXS9fgdkgIcePe6RHNk1WA8+muPa6cSjeR3V8K27q9BB1rTE3R1p7Hv0z1ZyAc8s6Vvv8DIyWf681MAt0w==

tr46@~0.0.3:
  version "0.0.3"
  resolved "https://registry.yarnpkg.com/tr46/-/tr46-0.0.3.tgz#8184fd347dac9cdc185992f3a6622e14b9d9ab6a"
  integrity sha1-gYT9NH2snNwYWZLzpmIuFLnZq2o=

ts-mixer@^6.0.0:
  version "6.0.0"
  resolved "https://registry.yarnpkg.com/ts-mixer/-/ts-mixer-6.0.0.tgz#4e631d3a36e3fa9521b973b132e8353bc7267f9f"
  integrity sha512-nXIb1fvdY5CBSrDIblLn73NW0qRDk5yJ0Sk1qPBF560OdJfQp9jhl+0tzcY09OZ9U+6GpeoI9RjwoIKFIoB9MQ==

tslib@^2.3.1:
  version "2.3.1"
  resolved "https://registry.yarnpkg.com/tslib/-/tslib-2.3.1.tgz#e8a335add5ceae51aa261d32a490158ef042ef01"
  integrity sha512-77EbyPPpMz+FRFRuAFlWMtmgUWGe9UOG2Z25NqCwiIjRhOf5iKGuzSe5P2w1laq+FkRy4p+PCuVkJSGkzTEKVw==

typescript@^4.5.4:
  version "4.5.4"
  resolved "https://registry.yarnpkg.com/typescript/-/typescript-4.5.4.tgz#a17d3a0263bf5c8723b9c52f43c5084edf13c2e8"
  integrity sha512-VgYs2A2QIRuGphtzFV7aQJduJ2gyfTljngLzjpfW9FoYZF6xuw1W0vW9ghCKLfcWrCFxK81CSGRAvS1pn4fIUg==

webidl-conversions@^3.0.0:
  version "3.0.1"
  resolved "https://registry.yarnpkg.com/webidl-conversions/-/webidl-conversions-3.0.1.tgz#24534275e2a7bc6be7bc86611cc16ae0a5654871"
  integrity sha1-JFNCdeKnvGvnvIZhHMFq4KVlSHE=

whatwg-url@^5.0.0:
  version "5.0.0"
  resolved "https://registry.yarnpkg.com/whatwg-url/-/whatwg-url-5.0.0.tgz#966454e8765462e37644d3626f6742ce8b70965d"
  integrity sha1-lmRU6HZUYuN2RNNib2dCzotwll0=
  dependencies:
    tr46 "~0.0.3"
    webidl-conversions "^3.0.0"

wrappy@1:
  version "1.0.2"
  resolved "https://registry.yarnpkg.com/wrappy/-/wrappy-1.0.2.tgz#b5243d8f3ec1aa35f1364605bc0d1036e30ab69f"
  integrity sha1-tSQ9jz7BqjXxNkYFvA0QNuMKtp8=

ws@^8.4.0:
  version "8.4.0"
  resolved "https://registry.yarnpkg.com/ws/-/ws-8.4.0.tgz#f05e982a0a88c604080e8581576e2a063802bed6"
  integrity sha512-IHVsKe2pjajSUIl4KYMQOdlyliovpEPquKkqbwswulszzI7r0SfQrxnXdWAEqOlDCLrVSJzo+O1hAwdog2sKSQ==

zod@^3.11.6:
  version "3.11.6"
  resolved "https://registry.yarnpkg.com/zod/-/zod-3.11.6.tgz#e43a5e0c213ae2e02aefe7cb2b1a6fa3d7f1f483"
  integrity sha512-daZ80A81I3/9lIydI44motWe6n59kRBfNzTuS2bfzVh1nAXi667TOTWWtatxyG+fwgNUiagSj/CWZwRRbevJIg==
